
Microsoft Visual Studio Solution File, Format Version 12.00
# Visual Studio Version 16
VisualStudioVersion = 16.0.31729.503
MinimumVisualStudioVersion = 10.0.40219.1
Project("{FAE04EC0-301F-11D3-BF4B-00C04F79EFBC}") = "PracticalAssignment", "PracticalAssignment.csproj", "{7281EC3B-6E19-43D2-B17B-35AF919C32E6}"
EndProject
Global
	GlobalSection(SolutionConfigurationPlatforms) = preSolution
		Debug|Any CPU = Debug|Any CPU
		Release|Any CPU = Release|Any CPU
	EndGlobalSection
	GlobalSection(ProjectConfigurationPlatforms) = postSolution
		{7281EC3B-6E19-43D2-B17B-35AF919C32E6}.Debug|Any CPU.ActiveCfg = Debug|Any CPU
		{7281EC3B-6E19-43D2-B17B-35AF919C32E6}.Debug|Any CPU.Build.0 = Debug|Any CPU
		{7281EC3B-6E19-43D2-B17B-35AF919C32E6}.Release|Any CPU.ActiveCfg = Release|Any CPU
		{7281EC3B-6E19-43D2-B17B-35AF919C32E6}.Release|Any CPU.Build.0 = Release|Any CPU
	EndGlobalSection
	GlobalSection(SolutionProperties) = preSolution
		HideSolutionNode = FALSE
	EndGlobalSection
	GlobalSection(ExtensibilityGlobals) = postSolution
		SolutionGuid = {5B5AF823-FF52-4A2E-A20C-DBAD16B91649}
	EndGlobalSection
EndGlobal
